<?xml version="1.0" encoding="utf-8"?>
<Project ToolsVersion="4.0" xmlns="http://schemas.microsoft.com/developer/msbuild/2003">
  <ItemGroup>
    <Filter Include="utils">
      <UniqueIdentifier>{3a6c010f-2826-40a8-82ba-67982abb624c}</UniqueIdentifier>
    </Filter>
    <Filter Include="main">
      <UniqueIdentifier>{8e6da819-9869-4cac-82ac-3790ce220e7c}</UniqueIdentifier>
    </Filter>
  </ItemGroup>
  <ItemGroup>
    <ClInclude Include="PeFile.hpp">
      <Filter>utils</Filter>
    </ClInclude>
    <ClInclude Include="UtilClasses.hpp">
      <Filter>utils</Filter>
    </ClInclude>
  </ItemGroup>
  <ItemGroup>
    <ClCompile Include="PeWatcher.cpp">
      <Filter>main</Filter>
    </ClCompile>
  </ItemGroup>
</Project>